protocol:
  source: https://github.com/OWNER/milestone-agent-protocol
  requested_ref: main
  resolved_commit: COMMIT_SHA_IF_AVAILABLE
  version: 2.4.0
  entrypoint: PROTOCOL.md
  entrypoint_digest: sha256:VERIFIED_DIGEST
state:
  initialized_at: YYYY-MM-DDTHH:MM:SSZ
  last_reconciled_at: YYYY-MM-DDTHH:MM:SSZ
  last_applied: 2.4.0
  applied_migrations: []
  applied_adoptions: []
legacy_adoption: null
managed:
  paths:
    - path: AGENTS.md
      ownership: structural-contract
    - path: .agent/todo.md
      ownership: schema-only
    - path: .agent/decisions/index.md
      ownership: schema-only
    - path: .agent/client-log.md
      ownership: schema-only
    - path: .agent/milestones/index.md
      ownership: schema-only
  rules:
    - canonical-context-order
    - milestone-first-todo
    - immutable-indexed-decisions
    - evidence-is-not-authorization
    - evidence-to-scope-cross-questioning
    - skipped-client-questions-block-milestones
    - declared-paths-only
    - auditable-milestone-reopening
    - durable-milestone-lifecycle-archive
    - explicit-legacy-unlocked-adoption
local_divergence: []
