protocol:
  source: https://github.com/SahajJain01/milestone-agent-protocol
  requested_ref: main
  resolved_commit: c86a1bb1795b8b77510bdc6f35cc10ed19ae3820
  version: 2.1.0
  entrypoint: PROTOCOL.md
  entrypoint_digest: sha256:de6c730cf2b06fda8deca373cb7b522f16b58467e43dc52824000f87f70913fa
state:
  initialized_at: 2026-07-29T08:02:53Z
  last_reconciled_at: 2026-07-30T01:26:54Z
  last_applied: 2.1.0
  applied_migrations:
    - 1.0.0-to-2.0.0
    - 2.0.0-to-2.1.0
managed:
  paths:
    - path: AGENTS.md
      ownership: structural-contract
    - path: .agent/todo.md
      ownership: schema-only
    - path: .agent/decisions/index.md
      ownership: schema-only
    - path: .agent/client-log.md
      ownership: schema-only
  rules:
    - canonical-context-order
    - milestone-first-todo
    - immutable-indexed-decisions
    - evidence-is-not-authorization
    - declared-paths-only
    - auditable-milestone-reopening
local_divergence: []
